{
  "refs": {
    "benches/cli.rs#bench_cli": "3dc0e710b7d8bf24:4bf5e7289466e38c",
    "benches/cli.rs#driftless_bin": "12f904c68d132476:4d2c8740d4d20798",
    "benches/cli.rs#ensure_release_binary": "8745f68553d8ea99:d6c2a6aabf8f82bc",
    "src/check.rs#CheckContext": "ec209c70b7823d35:713760d85bf47244",
    "src/check.rs#CheckContext.with_source_overrides": "cd06478aef2e63e2:5c5440f2d40be45d",
    "src/check.rs#RefStatus": "1ab2c23438388a77:f265b2cb82c6f622",
    "src/check.rs#run_check": "ec38f39bdbd64211:42e4d7f4f7819a90",
    "src/coverage.rs#run_coverage": "9098d274c430b6bd:39eae94a6fcb87f1",
    "src/init.rs#print_prompt": "ce90dcf8c738ea7f:e934f913dd1f2808",
    "src/init.rs#run_init": "ec6387b310246b86:2786b32fcbe91ba1",
    "src/lockfile.rs#Lockfile": "ad2a72c5202ccab8:fc5c3f93dd73e5b5",
    "src/lockfile.rs#load_lock": "1913279201d9a201:a640082d31f897f4",
    "src/lockfile.rs#save_lock": "e8d5937741e9d4d6:d69024ad934aa041",
    "src/lsp.rs#run": "34f89bf60fdd5c2f:43356d877c018e15",
    "src/refs.rs#MdRef": "3ff8ecfa714c608d:ba4687117d8c4553",
    "src/refs.rs#extract_refs": "0b8dfe4ed986959b:0924787828d0a7dc",
    "src/refs.rs#line_of": "206fa66dbc6ef078:877391a27c49cca5",
    "src/refs.rs#md_files": "2f014351174e2e1b:a58a004460bb64e0",
    "src/resolve.rs#def_name": "e2f083bfb5ff4627:877b9ac9e311430d",
    "src/resolve.rs#def_path": "2023d200e074d367:33ca5008b046f856",
    "src/resolve.rs#language_for": "0623839cebc5065b:7d926c2de1070759",
    "src/resolve.rs#parse_tree": "3099814ec1acf01c:b7a21d11f74a71e7",
    "src/resolve.rs#resolve_symbol_in_tree": "99d6abd4c8f6ce6d:c506c98ace03a3a9",
    "src/resolve.rs#symbol_hash": "bd3f02aed7a10a98:599d63b3cd21523d",
    "src/resolve.rs#symbol_source": "6c759b79c3496794:b9e229747e240aa6",
    "tests/cli_core.rs#coverage_reports_rust_public_impl_methods": "ce182162ac1d4fee:d59baae4dcb246d5",
    "tests/common/language.rs#assert_language_roundtrip_refs": "4182865a73227edb:b24efc4eac94e1f5",
    "tests/languages.rs#typescript_exported_class_and_function_refs_roundtrip": "6af2a0267eec2431:1abdaf8d82a74cd7"
  }
}
