{
  "refs": {
    "AGENTS.md :: benches/cli.rs#bench_cli": {
      "hash": "3ce02ac97ece5f9a:a3afd16eeeed99d3",
      "doc_hash": "df0080ef2077c601"
    },
    "AGENTS.md :: src/check.rs#CheckContext": {
      "hash": "bec22442ab17af27:7812346c48e424ed",
      "doc_hash": "df0080ef2077c601"
    },
    "AGENTS.md :: src/check.rs#doc_lock_key": {
      "hash": "6702ade92cd952ab:a39bdefa4ddcda60",
      "doc_hash": "12d926db12301b72"
    },
    "AGENTS.md :: src/check.rs#run_check": {
      "hash": "d8720b4a5935c5cd:e199bd771ddaf356",
      "doc_hash": "12d926db12301b72"
    },
    "AGENTS.md :: src/init.rs#print_prompt": {
      "hash": "d1a7c89766a917cb:66919a30a92200d7",
      "doc_hash": "12d926db12301b72"
    },
    "AGENTS.md :: src/init.rs#run_init": {
      "hash": "e33f886b9bf30ebe:48665b2afc266e3e",
      "doc_hash": "12d926db12301b72"
    },
    "AGENTS.md :: src/refs.rs#extract_refs": {
      "hash": "12ae20ec8f852feb:bf9badde0ed3eb93",
      "doc_hash": "12d926db12301b72"
    },
    "AGENTS.md :: src/resolve.rs#resolve_symbol_in_tree": {
      "hash": "33ffa7f3934d7b21:28444180cf47c9a0",
      "doc_hash": "12d926db12301b72"
    },
    "AGENTS.md :: src/resolve/hash.rs#symbol_hash": {
      "hash": "4b1770bd307ef0b1:3a7fbd72f52964e3",
      "doc_hash": "12d926db12301b72"
    },
    "AGENTS.md :: tests/common/language.rs#assert_language_roundtrip_refs": {
      "hash": "27107bbf46571e1a:65914770d453e67a",
      "doc_hash": "12d926db12301b72"
    },
    "AGENTS.md :: tests/languages.rs#typescript_exported_class_and_function_refs_roundtrip": {
      "hash": "a86c1b89e970c016:264384c737662f78",
      "doc_hash": "12d926db12301b72"
    },
    "docs/architecture.md :: src/check.rs#CheckContext": {
      "hash": "bec22442ab17af27:7812346c48e424ed",
      "doc_hash": "1da4ea7a8e6bfd65"
    },
    "docs/architecture.md :: src/check.rs#CheckContext.with_source_overrides": {
      "hash": "a68ea45bb3782a42:d40e9a09687cb88c",
      "doc_hash": "4be5eb9a1a689fce"
    },
    "docs/architecture.md :: src/check.rs#RefStatus": {
      "hash": "3ed8817e8db7ea51:6d6f489b9cd93604",
      "doc_hash": "1da4ea7a8e6bfd65"
    },
    "docs/architecture.md :: src/check.rs#doc_lock_key": {
      "hash": "6702ade92cd952ab:a39bdefa4ddcda60",
      "doc_hash": "1da4ea7a8e6bfd65"
    },
    "docs/architecture.md :: src/check.rs#run_check": {
      "hash": "d8720b4a5935c5cd:e199bd771ddaf356",
      "doc_hash": "1da4ea7a8e6bfd65"
    },
    "docs/architecture.md :: src/config.rs#is_excluded": {
      "hash": "c40c71da438ec3eb:339d992e2fc60ddd",
      "doc_hash": "1da4ea7a8e6bfd65"
    },
    "docs/architecture.md :: src/config.rs#load_config": {
      "hash": "a4897805e78ec3f6:008305354bdc5b21",
      "doc_hash": "1da4ea7a8e6bfd65"
    },
    "docs/architecture.md :: src/init.rs#SETUP_PROMPT": {
      "hash": "1c9f8cab79f1654f",
      "doc_hash": "4be5eb9a1a689fce"
    },
    "docs/architecture.md :: src/init.rs#print_prompt": {
      "hash": "d1a7c89766a917cb:66919a30a92200d7",
      "doc_hash": "4be5eb9a1a689fce"
    },
    "docs/architecture.md :: src/init.rs#run_init": {
      "hash": "e33f886b9bf30ebe:48665b2afc266e3e",
      "doc_hash": "4be5eb9a1a689fce"
    },
    "docs/architecture.md :: src/lockfile.rs#LockEntry": {
      "hash": "5fee2fe79491c1c0:c2f04576a17db3b8",
      "doc_hash": "1da4ea7a8e6bfd65"
    },
    "docs/architecture.md :: src/lockfile.rs#Lockfile": {
      "hash": "19dfe311f9d65bd3:a03e98b8452dfe4a",
      "doc_hash": "1da4ea7a8e6bfd65"
    },
    "docs/architecture.md :: src/lockfile.rs#load_lock": {
      "hash": "140199159dc6666f:d9bbe4eeb9b6b494",
      "doc_hash": "1da4ea7a8e6bfd65"
    },
    "docs/architecture.md :: src/lockfile.rs#save_lock": {
      "hash": "6ad085af203c78c7:91a7620e9a1d3bbc",
      "doc_hash": "1da4ea7a8e6bfd65"
    },
    "docs/architecture.md :: src/lsp.rs#run": {
      "hash": "3553e1ba9d5a47d7:fcc6ae925cd09134",
      "doc_hash": "4be5eb9a1a689fce"
    },
    "docs/architecture.md :: src/main.rs#Cli": {
      "hash": "e65e77ce8832331a:614a00bb41425954",
      "doc_hash": "4be5eb9a1a689fce"
    },
    "docs/architecture.md :: src/main.rs#Cmd": {
      "hash": "48eaf52c754a382e:e3947eaee542ad7c",
      "doc_hash": "4be5eb9a1a689fce"
    },
    "docs/architecture.md :: src/refs.rs#MdRef": {
      "hash": "13bbcf549226c86e:0cfc4aeae3d02c66",
      "doc_hash": "3bb1d789fb194b13"
    },
    "docs/architecture.md :: src/refs.rs#extract_refs": {
      "hash": "12ae20ec8f852feb:bf9badde0ed3eb93",
      "doc_hash": "3bb1d789fb194b13"
    },
    "docs/architecture.md :: src/refs.rs#line_of": {
      "hash": "dbddeb24c1c827ec:d7fa1bdeb46178e1",
      "doc_hash": "3bb1d789fb194b13"
    },
    "docs/architecture.md :: src/refs.rs#md_files": {
      "hash": "76deec5d1c19b8e5:099dd02299dfa182",
      "doc_hash": "3bb1d789fb194b13"
    },
    "docs/architecture.md :: src/resolve.rs#language_for": {
      "hash": "d2faf7ba0634d264:4efc0ce2f3dcd87a",
      "doc_hash": "c0009315a53e6904"
    },
    "docs/architecture.md :: src/resolve.rs#parse_tree": {
      "hash": "8aa35521f4f8d642:36d7c2faa0a332ea",
      "doc_hash": "c0009315a53e6904"
    },
    "docs/architecture.md :: src/resolve.rs#resolve_symbol_in_tree": {
      "hash": "33ffa7f3934d7b21:28444180cf47c9a0",
      "doc_hash": "c0009315a53e6904"
    },
    "docs/architecture.md :: src/resolve/attachments.rs#is_attached_statement": {
      "hash": "7fafd22a5159308e:dc3524bd75e485c4",
      "doc_hash": "c0009315a53e6904"
    },
    "docs/architecture.md :: src/resolve/hash.rs#symbol_hash": {
      "hash": "4b1770bd307ef0b1:3a7fbd72f52964e3",
      "doc_hash": "c0009315a53e6904"
    },
    "docs/architecture.md :: src/resolve/hash.rs#symbol_source": {
      "hash": "90a95c6ecd694ee1:3d5edd69b072003c",
      "doc_hash": "c0009315a53e6904"
    },
    "docs/architecture.md :: src/resolve/names.rs#def_name": {
      "hash": "f7671537697e96c7:d016224b89c28339",
      "doc_hash": "c0009315a53e6904"
    },
    "docs/architecture.md :: src/resolve/names.rs#def_path": {
      "hash": "b8b84acc5e957f5f:9de67d86a6ae752e",
      "doc_hash": "c0009315a53e6904"
    },
    "docs/architecture.md :: src/resolve/range.rs#symbol_range": {
      "hash": "676f05652e183299:0e8cfe0b1dceb429",
      "doc_hash": "c0009315a53e6904"
    },
    "docs/architecture.md :: tests/common/language.rs#assert_language_roundtrip_refs": {
      "hash": "27107bbf46571e1a:65914770d453e67a",
      "doc_hash": "cbc69aa5e2eb04e6"
    },
    "docs/architecture.md :: tests/languages.rs#javascript_commonjs_arrow_wrapper_drift_fails_check": {
      "hash": "5332598c2ffe0256:b05daf33638aaace",
      "doc_hash": "cbc69aa5e2eb04e6"
    },
    "docs/architecture.md :: tests/languages.rs#javascript_commonjs_function_binding_does_not_attach_symbol": {
      "hash": "76b7b8fd5ecde0a5:0177547ebdaea84b",
      "doc_hash": "cbc69aa5e2eb04e6"
    },
    "docs/architecture.md :: tests/languages.rs#javascript_commonjs_parameter_binding_does_not_attach_symbol": {
      "hash": "2da5dc9d699581bf:b2f5001b50700e4d",
      "doc_hash": "cbc69aa5e2eb04e6"
    },
    "docs/architecture.md :: tests/languages.rs#javascript_commonjs_string_literal_does_not_attach_symbol": {
      "hash": "cd68e35a477ad0de:9498b7c816975fb7",
      "doc_hash": "cbc69aa5e2eb04e6"
    },
    "docs/architecture.md :: tests/languages.rs#javascript_direct_commonjs_export_drift_fails_check": {
      "hash": "2f5c723d06933dd6:a9f1cb9c646a57ba",
      "doc_hash": "cbc69aa5e2eb04e6"
    },
    "docs/architecture.md :: tests/languages.rs#rust_inner_doc_change_does_not_drift_following_function": {
      "hash": "210a4de10ef51fc3:e2b5190cb5304ed9",
      "doc_hash": "cbc69aa5e2eb04e6"
    },
    "docs/architecture.md :: tests/languages.rs#tsx_adjacent_member_call_change_does_not_drift_symbol": {
      "hash": "5406ba22d09a2edd:d96fdab1ddd5b68d",
      "doc_hash": "cbc69aa5e2eb04e6"
    },
    "docs/architecture.md :: tests/languages.rs#tsx_static_assignment_drift_fails_check": {
      "hash": "21ce5727fbcd9863:bb58e2f3c86f4d13",
      "doc_hash": "cbc69aa5e2eb04e6"
    },
    "docs/architecture.md :: tests/languages.rs#typescript_exported_class_and_function_refs_roundtrip": {
      "hash": "a86c1b89e970c016:264384c737662f78",
      "doc_hash": "cbc69aa5e2eb04e6"
    },
    "docs/benchmarking.md :: benches/cli.rs#bench_cli": {
      "hash": "3ce02ac97ece5f9a:a3afd16eeeed99d3",
      "doc_hash": "cae5ac277895bafe"
    },
    "docs/benchmarking.md :: benches/cli.rs#driftless_bin": {
      "hash": "7d358bc3566ffeb8:dff9ec3f7d90e5f1",
      "doc_hash": "27e4e231eadd725a"
    },
    "docs/benchmarking.md :: benches/cli.rs#ensure_release_binary": {
      "hash": "286634018fe244a5:9d1634b0903803ba",
      "doc_hash": "27e4e231eadd725a"
    },
    "docs/benchmarking.md :: src/check.rs#CheckContext": {
      "hash": "bec22442ab17af27:7812346c48e424ed",
      "doc_hash": "0d298e2a3e3677ea"
    },
    "docs/benchmarking.md :: src/lsp.rs#run": {
      "hash": "3553e1ba9d5a47d7:fcc6ae925cd09134",
      "doc_hash": "cae5ac277895bafe"
    },
    "docs/development.md :: src/check.rs#CheckContext": {
      "hash": "bec22442ab17af27:7812346c48e424ed",
      "doc_hash": "fa18d9040384230d"
    },
    "docs/development.md :: src/check.rs#run_check": {
      "hash": "d8720b4a5935c5cd:e199bd771ddaf356",
      "doc_hash": "f9c9564fce9379a2"
    },
    "docs/development.md :: src/coverage.rs#run_coverage": {
      "hash": "10070a8d77d35be8:29b3c4cbb5093e0a",
      "doc_hash": "f9c9564fce9379a2"
    },
    "docs/development.md :: src/init.rs#print_prompt": {
      "hash": "d1a7c89766a917cb:66919a30a92200d7",
      "doc_hash": "fa18d9040384230d"
    },
    "docs/development.md :: src/init.rs#run_init": {
      "hash": "e33f886b9bf30ebe:48665b2afc266e3e",
      "doc_hash": "fa18d9040384230d"
    },
    "docs/development.md :: src/lsp.rs#run": {
      "hash": "3553e1ba9d5a47d7:fcc6ae925cd09134",
      "doc_hash": "fa18d9040384230d"
    },
    "docs/development.md :: src/refs.rs#extract_refs": {
      "hash": "12ae20ec8f852feb:bf9badde0ed3eb93",
      "doc_hash": "f9c9564fce9379a2"
    },
    "docs/development.md :: src/resolve.rs#resolve_symbol_in_tree": {
      "hash": "33ffa7f3934d7b21:28444180cf47c9a0",
      "doc_hash": "f9c9564fce9379a2"
    },
    "docs/development.md :: src/resolve/attachments.rs#is_attached_statement": {
      "hash": "7fafd22a5159308e:dc3524bd75e485c4",
      "doc_hash": "fa18d9040384230d"
    },
    "docs/development.md :: src/resolve/hash.rs#symbol_hash": {
      "hash": "4b1770bd307ef0b1:3a7fbd72f52964e3",
      "doc_hash": "f9c9564fce9379a2"
    },
    "docs/development.md :: src/resolve/range.rs#symbol_range": {
      "hash": "676f05652e183299:0e8cfe0b1dceb429",
      "doc_hash": "fa18d9040384230d"
    },
    "docs/development.md :: tests/languages.rs#javascript_commonjs_arrow_wrapper_drift_fails_check": {
      "hash": "5332598c2ffe0256:b05daf33638aaace",
      "doc_hash": "fa18d9040384230d"
    },
    "docs/development.md :: tests/languages.rs#javascript_commonjs_function_binding_does_not_attach_symbol": {
      "hash": "76b7b8fd5ecde0a5:0177547ebdaea84b",
      "doc_hash": "fa18d9040384230d"
    },
    "docs/development.md :: tests/languages.rs#javascript_commonjs_parameter_binding_does_not_attach_symbol": {
      "hash": "2da5dc9d699581bf:b2f5001b50700e4d",
      "doc_hash": "fa18d9040384230d"
    },
    "docs/development.md :: tests/languages.rs#javascript_commonjs_string_literal_does_not_attach_symbol": {
      "hash": "cd68e35a477ad0de:9498b7c816975fb7",
      "doc_hash": "fa18d9040384230d"
    },
    "docs/development.md :: tests/languages.rs#javascript_direct_commonjs_export_drift_fails_check": {
      "hash": "2f5c723d06933dd6:a9f1cb9c646a57ba",
      "doc_hash": "fa18d9040384230d"
    },
    "docs/development.md :: tests/languages.rs#rust_inner_doc_change_does_not_drift_following_function": {
      "hash": "210a4de10ef51fc3:e2b5190cb5304ed9",
      "doc_hash": "fa18d9040384230d"
    },
    "docs/development.md :: tests/languages.rs#tsx_adjacent_member_call_change_does_not_drift_symbol": {
      "hash": "5406ba22d09a2edd:d96fdab1ddd5b68d",
      "doc_hash": "fa18d9040384230d"
    },
    "docs/development.md :: tests/languages.rs#tsx_default_wrapper_drift_fails_check": {
      "hash": "f5410d2cd354cfe8:1f848e929bdc7da7",
      "doc_hash": "fa18d9040384230d"
    },
    "docs/development.md :: tests/languages.rs#tsx_static_assignment_drift_fails_check": {
      "hash": "21ce5727fbcd9863:bb58e2f3c86f4d13",
      "doc_hash": "fa18d9040384230d"
    }
  }
}
