{
  "refs": {
    "benches/cli.rs#bench_cli": "3dc0e710b7d8bf24:436ed2883e871b80",
    "benches/cli.rs#driftless_bin": "12f904c68d132476:4d2c8740d4d20798",
    "benches/cli.rs#ensure_release_binary": "8745f68553d8ea99:d6c2a6aabf8f82bc",
    "src/check.rs#CheckContext": "b8bb2a888f0392de:713760d85bf47244",
    "src/check.rs#CheckContext.with_source_overrides": "cd06478aef2e63e2:5c5440f2d40be45d",
    "src/check.rs#RefStatus": "2bb080dd3c10a8b4:f265b2cb82c6f622",
    "src/check.rs#run_check": "ec38f39bdbd64211:42e4d7f4f7819a90",
    "src/init.rs#SETUP_PROMPT": "1c9f8cab79f1654f",
    "src/init.rs#print_prompt": "ce90dcf8c738ea7f:dca89fa224764f1b",
    "src/init.rs#run_init": "ec6387b310246b86:2786b32fcbe91ba1",
    "src/lockfile.rs#Lockfile": "179c7445115b5b92:fc5c3f93dd73e5b5",
    "src/lockfile.rs#load_lock": "1913279201d9a201:a640082d31f897f4",
    "src/lockfile.rs#save_lock": "e8d5937741e9d4d6:d69024ad934aa041",
    "src/lsp.rs#run": "34f89bf60fdd5c2f:43356d877c018e15",
    "src/main.rs#Cli": "9b89b55941eb983e:0f015a12d821173d",
    "src/main.rs#Cmd": "98edd4f646b01dfb:82b96f0c839e75d4",
    "src/refs.rs#MdRef": "8b4e60c36f338925:ba4687117d8c4553",
    "src/refs.rs#extract_refs": "0b8dfe4ed986959b:0924787828d0a7dc",
    "src/refs.rs#line_of": "206fa66dbc6ef078:877391a27c49cca5",
    "src/refs.rs#md_files": "2f014351174e2e1b:a58a004460bb64e0",
    "src/resolve.rs#language_for": "0623839cebc5065b:7d926c2de1070759",
    "src/resolve.rs#parse_tree": "3099814ec1acf01c:b7a21d11f74a71e7",
    "src/resolve.rs#resolve_symbol_in_tree": "99d6abd4c8f6ce6d:8a49bd83675aba52",
    "src/resolve/attachments.rs#is_attached_statement": "62c38dbc107f4fa5:57d5a743ed12290a",
    "src/resolve/hash.rs#symbol_hash": "bd3f02aed7a10a98:599d63b3cd21523d",
    "src/resolve/hash.rs#symbol_source": "6c759b79c3496794:b9e229747e240aa6",
    "src/resolve/names.rs#def_name": "e2f083bfb5ff4627:877b9ac9e311430d",
    "src/resolve/names.rs#def_path": "2023d200e074d367:33ca5008b046f856",
    "src/resolve/range.rs#symbol_range": "ed268ebcc3db30d3:69e21af95426e2ea",
    "tests/common/language.rs#assert_language_roundtrip_refs": "4182865a73227edb:56eb7769ff18d2d4",
    "tests/languages.rs#javascript_commonjs_arrow_wrapper_drift_fails_check": "88ab32265fa1856a:193eb1eec8b06afa",
    "tests/languages.rs#javascript_commonjs_function_binding_does_not_attach_symbol": "77189966996e82b2:c4c76f9fb13ed6f7",
    "tests/languages.rs#javascript_commonjs_parameter_binding_does_not_attach_symbol": "e7c118307ce0c931:1ec9b43380c6280f",
    "tests/languages.rs#javascript_commonjs_string_literal_does_not_attach_symbol": "02521d9bd52293fe:77274f1474200cf0",
    "tests/languages.rs#javascript_direct_commonjs_export_drift_fails_check": "5e4f8d94dfa586d2:8a2a14dc25b14cf3",
    "tests/languages.rs#rust_inner_doc_change_does_not_drift_following_function": "6c18fa05899ec32a:65e27254f159c195",
    "tests/languages.rs#tsx_adjacent_member_call_change_does_not_drift_symbol": "753cc1975870663c:0ab4e83375a2764e",
    "tests/languages.rs#tsx_default_wrapper_drift_fails_check": "12d13cfa9d544d56:763008320814d8c4",
    "tests/languages.rs#tsx_static_assignment_drift_fails_check": "8ef688acaa2d3c08:740a9140f571bec8",
    "tests/languages.rs#typescript_exported_class_and_function_refs_roundtrip": "8fbcf4ab3719a306:1abdaf8d82a74cd7"
  }
}
